
Microsoft Visual Studio Solution File, Format Version 12.00
# Visual Studio 2012
Project("{FAE04EC0-301F-11D3-BF4B-00C04F79EFBC}") = "Mvc3Application2", "Mvc3Application2\Mvc3Application2.csproj", "{CE75B52A-5D0B-43E4-919B-B9C0BC8E47BA}"
EndProject
Global
	GlobalSection(SolutionConfigurationPlatforms) = preSolution
		Debug|Any CPU = Debug|Any CPU
		Release|Any CPU = Release|Any CPU
	EndGlobalSection
	GlobalSection(ProjectConfigurationPlatforms) = postSolution
		{CE75B52A-5D0B-43E4-919B-B9C0BC8E47BA}.Debug|Any CPU.ActiveCfg = Debug|Any CPU
		{CE75B52A-5D0B-43E4-919B-B9C0BC8E47BA}.Debug|Any CPU.Build.0 = Debug|Any CPU
		{CE75B52A-5D0B-43E4-919B-B9C0BC8E47BA}.Release|Any CPU.ActiveCfg = Release|Any CPU
		{CE75B52A-5D0B-43E4-919B-B9C0BC8E47BA}.Release|Any CPU.Build.0 = Release|Any CPU
	EndGlobalSection
	GlobalSection(SolutionProperties) = preSolution
		HideSolutionNode = FALSE
	EndGlobalSection
EndGlobal
